
Microsoft Visual Studio Solution File, Format Version 12.00
# Visual Studio 15
VisualStudioVersion = 15.0.27428.2011
MinimumVisualStudioVersion = 10.0.40219.1
Project("{FAE04EC0-301F-11D3-BF4B-00C04F79EFBC}") = "TPfinal", "TPfinal\TPfinal.csproj", "{64E8CCBA-B685-45F1-83E3-17CE10D7DCD6}"
EndProject
Global
	GlobalSection(SolutionConfigurationPlatforms) = preSolution
		Debug|Any CPU = Debug|Any CPU
		Release|Any CPU = Release|Any CPU
	EndGlobalSection
	GlobalSection(ProjectConfigurationPlatforms) = postSolution
		{64E8CCBA-B685-45F1-83E3-17CE10D7DCD6}.Debug|Any CPU.ActiveCfg = Debug|Any CPU
		{64E8CCBA-B685-45F1-83E3-17CE10D7DCD6}.Debug|Any CPU.Build.0 = Debug|Any CPU
		{64E8CCBA-B685-45F1-83E3-17CE10D7DCD6}.Release|Any CPU.ActiveCfg = Release|Any CPU
		{64E8CCBA-B685-45F1-83E3-17CE10D7DCD6}.Release|Any CPU.Build.0 = Release|Any CPU
	EndGlobalSection
	GlobalSection(SolutionProperties) = preSolution
		HideSolutionNode = FALSE
	EndGlobalSection
	GlobalSection(ExtensibilityGlobals) = postSolution
		SolutionGuid = {3DE19955-A1CC-4627-870D-4D600CA70358}
	EndGlobalSection
EndGlobal
